// !$*UTF8*$!
{
	archiveVersion = 1;
	classes = {
	};
	objectVersion = 46;
	objects = {

/* Begin PBXBuildFile section */
		4FA30973E3B75CBA96592A07 /* Pods_pokedexTests.framework in Frameworks */ = {isa = PBXBuildFile; fileRef = EB5FAFC9320BCDBFE278B2DB /* Pods_pokedexTests.framework */; };
		718447051F0567F90046A97A /* AppDelegate.swift in Sources */ = {isa = PBXBuildFile; fileRef = 718447041F0567F90046A97A /* AppDelegate.swift */; };
		718447071F0567F90046A97A /* PokedexVC.swift in Sources */ = {isa = PBXBuildFile; fileRef = 718447061F0567F90046A97A /* PokedexVC.swift */; };
		7184470A1F0567F90046A97A /* Main.storyboard in Resources */ = {isa = PBXBuildFile; fileRef = 718447081F0567F90046A97A /* Main.storyboard */; };
		7184470C1F0567F90046A97A /* Assets.xcassets in Resources */ = {isa = PBXBuildFile; fileRef = 7184470B1F0567F90046A97A /* Assets.xcassets */; };
		7184470F1F0567F90046A97A /* LaunchScreen.storyboard in Resources */ = {isa = PBXBuildFile; fileRef = 7184470D1F0567F90046A97A /* LaunchScreen.storyboard */; };
		7184471A1F0567F90046A97A /* pokedexTests.swift in Sources */ = {isa = PBXBuildFile; fileRef = 718447191F0567F90046A97A /* pokedexTests.swift */; };
		718447251F0567F90046A97A /* pokedexUITests.swift in Sources */ = {isa = PBXBuildFile; fileRef = 718447241F0567F90046A97A /* pokedexUITests.swift */; };
		718447331F056C860046A97A /* pokemon.csv in Resources */ = {isa = PBXBuildFile; fileRef = 718447321F056C860046A97A /* pokemon.csv */; };
		718447371F056D540046A97A /* pokemon.swift in Sources */ = {isa = PBXBuildFile; fileRef = 718447361F056D540046A97A /* pokemon.swift */; };
		71B19A2C1F079FA100704BFF /* pokeCell.swift in Sources */ = {isa = PBXBuildFile; fileRef = 71B19A2B1F079FA100704BFF /* pokeCell.swift */; };
		71B19A301F07B2DD00704BFF /* csv.swift in Sources */ = {isa = PBXBuildFile; fileRef = 71B19A2F1F07B2DD00704BFF /* csv.swift */; };
		71B19A321F07BAE600704BFF /* pokemon.ttf in Resources */ = {isa = PBXBuildFile; fileRef = 71B19A311F07BAE600704BFF /* pokemon.ttf */; };
		71B19A371F07F6E400704BFF /* music.mp3 in Resources */ = {isa = PBXBuildFile; fileRef = 71B19A361F07F6E400704BFF /* music.mp3 */; };
		71B19A391F08010B00704BFF /* PokemonDetailVC.swift in Sources */ = {isa = PBXBuildFile; fileRef = 71B19A381F08010B00704BFF /* PokemonDetailVC.swift */; };
		71B19A3B1F0842CA00704BFF /* constants.swift in Sources */ = {isa = PBXBuildFile; fileRef = 71B19A3A1F0842CA00704BFF /* constants.swift */; };
		9386456531E2380466F281E8 /* Pods_pokedex.framework in Frameworks */ = {isa = PBXBuildFile; fileRef = 3906D252607E8F2D90871DBD /* Pods_pokedex.framework */; };
		E676DE9F8B14493F056AE87C /* Pods_pokedexUITests.framework in Frameworks */ = {isa = PBXBuildFile; fileRef = 66461581A88AF1F63B4EFF9F /* Pods_pokedexUITests.framework */; };
/* End PBXBuildFile section */

/* Begin PBXContainerItemProxy section */
		718447161F0567F90046A97A /* PBXContainerItemProxy */ = {
			isa = PBXContainerItemProxy;
			containerPortal = 718446F91F0567F90046A97A /* Project object */;
			proxyType = 1;
			remoteGlobalIDString = 718447001F0567F90046A97A;
			remoteInfo = pokedex;
		};
		718447211F0567F90046A97A /* PBXContainerItemProxy */ = {
			isa = PBXContainerItemProxy;
			containerPortal = 718446F91F0567F90046A97A /* Project object */;
			proxyType = 1;
			remoteGlobalIDString = 718447001F0567F90046A97A;
			remoteInfo = pokedex;
		};
/* End PBXContainerItemProxy section */

/* Begin PBXFileReference section */
		17905EDEDBA37A13CF345B1C /* Pods-pokedexUITests.debug.xcconfig */ = {isa = PBXFileReference; includeInIndex = 1; lastKnownFileType = text.xcconfig; name = "Pods-pokedexUITests.debug.xcconfig"; path = "Pods/Target Support Files/Pods-pokedexUITests/Pods-pokedexUITests.debug.xcconfig"; sourceTree = "<group>"; };
		3906D252607E8F2D90871DBD /* Pods_pokedex.framework */ = {isa = PBXFileReference; explicitFileType = wrapper.framework; includeInIndex = 0; path = Pods_pokedex.framework; sourceTree = BUILT_PRODUCTS_DIR; };
		52C21FEC6DED90264A3AF49D /* Pods-pokedexUITests.release.xcconfig */ = {isa = PBXFileReference; includeInIndex = 1; lastKnownFileType = text.xcconfig; name = "Pods-pokedexUITests.release.xcconfig"; path = "Pods/Target Support Files/Pods-pokedexUITests/Pods-pokedexUITests.release.xcconfig"; sourceTree = "<group>"; };
		6037E6AD5E7FE6A8F8956076 /* Pods-pokedex.release.xcconfig */ = {isa = PBXFileReference; includeInIndex = 1; lastKnownFileType = text.xcconfig; name = "Pods-pokedex.release.xcconfig"; path = "Pods/Target Support Files/Pods-pokedex/Pods-pokedex.release.xcconfig"; sourceTree = "<group>"; };
		66461581A88AF1F63B4EFF9F /* Pods_pokedexUITests.framework */ = {isa = PBXFileReference; explicitFileType = wrapper.framework; includeInIndex = 0; path = Pods_pokedexUITests.framework; sourceTree = BUILT_PRODUCTS_DIR; };
		718447011F0567F90046A97A /* pokedex.app */ = {isa = PBXFileReference; explicitFileType = wrapper.application; includeInIndex = 0; path = pokedex.app; sourceTree = BUILT_PRODUCTS_DIR; };
		718447041F0567F90046A97A /* AppDelegate.swift */ = {isa = PBXFileReference; lastKnownFileType = sourcecode.swift; path = AppDelegate.swift; sourceTree = "<group>"; };
		718447061F0567F90046A97A /* PokedexVC.swift */ = {isa = PBXFileReference; lastKnownFileType = sourcecode.swift; path = PokedexVC.swift; sourceTree = "<group>"; };
		718447091F0567F90046A97A /* Base */ = {isa = PBXFileReference; lastKnownFileType = file.storyboard; name = Base; path = Base.lproj/Main.storyboard; sourceTree = "<group>"; };
		7184470B1F0567F90046A97A /* Assets.xcassets */ = {isa = PBXFileReference; lastKnownFileType = folder.assetcatalog; path = Assets.xcassets; sourceTree = "<group>"; };
		7184470E1F0567F90046A97A /* Base */ = {isa = PBXFileReference; lastKnownFileType = file.storyboard; name = Base; path = Base.lproj/LaunchScreen.storyboard; sourceTree = "<group>"; };
		718447101F0567F90046A97A /* Info.plist */ = {isa = PBXFileReference; lastKnownFileType = text.plist.xml; path = Info.plist; sourceTree = "<group>"; };
		718447151F0567F90046A97A /* pokedexTests.xctest */ = {isa = PBXFileReference; explicitFileType = wrapper.cfbundle; includeInIndex = 0; path = pokedexTests.xctest; sourceTree = BUILT_PRODUCTS_DIR; };
		718447191F0567F90046A97A /* pokedexTests.swift */ = {isa = PBXFileReference; lastKnownFileType = sourcecode.swift; path = pokedexTests.swift; sourceTree = "<group>"; };
		7184471B1F0567F90046A97A /* Info.plist */ = {isa = PBXFileReference; lastKnownFileType = text.plist.xml; path = Info.plist; sourceTree = "<group>"; };
		718447201F0567F90046A97A /* pokedexUITests.xctest */ = {isa = PBXFileReference; explicitFileType = wrapper.cfbundle; includeInIndex = 0; path = pokedexUITests.xctest; sourceTree = BUILT_PRODUCTS_DIR; };
		718447241F0567F90046A97A /* pokedexUITests.swift */ = {isa = PBXFileReference; lastKnownFileType = sourcecode.swift; path = pokedexUITests.swift; sourceTree = "<group>"; };
		718447261F0567F90046A97A /* Info.plist */ = {isa = PBXFileReference; lastKnownFileType = text.plist.xml; path = Info.plist; sourceTree = "<group>"; };
		718447321F056C860046A97A /* pokemon.csv */ = {isa = PBXFileReference; fileEncoding = 4; lastKnownFileType = text; path = pokemon.csv; sourceTree = "<group>"; };
		718447361F056D540046A97A /* pokemon.swift */ = {isa = PBXFileReference; fileEncoding = 4; lastKnownFileType = sourcecode.swift; path = pokemon.swift; sourceTree = "<group>"; };
		71B19A2B1F079FA100704BFF /* pokeCell.swift */ = {isa = PBXFileReference; fileEncoding = 4; lastKnownFileType = sourcecode.swift; path = pokeCell.swift; sourceTree = "<group>"; };
		71B19A2F1F07B2DD00704BFF /* csv.swift */ = {isa = PBXFileReference; fileEncoding = 4; lastKnownFileType = sourcecode.swift; path = csv.swift; sourceTree = "<group>"; };
		71B19A311F07BAE600704BFF /* pokemon.ttf */ = {isa = PBXFileReference; lastKnownFileType = file; path = pokemon.ttf; sourceTree = "<group>"; };
		71B19A361F07F6E400704BFF /* music.mp3 */ = {isa = PBXFileReference; lastKnownFileType = audio.mp3; path = music.mp3; sourceTree = "<group>"; };
		71B19A381F08010B00704BFF /* PokemonDetailVC.swift */ = {isa = PBXFileReference; fileEncoding = 4; lastKnownFileType = sourcecode.swift; path = PokemonDetailVC.swift; sourceTree = "<group>"; };
		71B19A3A1F0842CA00704BFF /* constants.swift */ = {isa = PBXFileReference; fileEncoding = 4; lastKnownFileType = sourcecode.swift; path = constants.swift; sourceTree = "<group>"; };
		9F2646B644376F6C7D5241E6 /* Pods-pokedexTests.debug.xcconfig */ = {isa = PBXFileReference; includeInIndex = 1; lastKnownFileType = text.xcconfig; name = "Pods-pokedexTests.debug.xcconfig"; path = "Pods/Target Support Files/Pods-pokedexTests/Pods-pokedexTests.debug.xcconfig"; sourceTree = "<group>"; };
		BD69D00DD726DD18FA7C6FD4 /* Pods-pokedex.debug.xcconfig */ = {isa = PBXFileReference; includeInIndex = 1; lastKnownFileType = text.xcconfig; name = "Pods-pokedex.debug.xcconfig"; path = "Pods/Target Support Files/Pods-pokedex/Pods-pokedex.debug.xcconfig"; sourceTree = "<group>"; };
		DA84FF0349E71E85A7DB6AEF /* Pods-pokedexTests.release.xcconfig */ = {isa = PBXFileReference; includeInIndex = 1; lastKnownFileType = text.xcconfig; name = "Pods-pokedexTests.release.xcconfig"; path = "Pods/Target Support Files/Pods-pokedexTests/Pods-pokedexTests.release.xcconfig"; sourceTree = "<group>"; };
		EB5FAFC9320BCDBFE278B2DB /* Pods_pokedexTests.framework */ = {isa = PBXFileReference; explicitFileType = wrapper.framework; includeInIndex = 0; path = Pods_pokedexTests.framework; sourceTree = BUILT_PRODUCTS_DIR; };
/* End PBXFileReference section */

/* Begin PBXFrameworksBuildPhase section */
		718446FE1F0567F90046A97A /* Frameworks */ = {
			isa = PBXFrameworksBuildPhase;
			buildActionMask = 2147483647;
			files = (
				9386456531E2380466F281E8 /* Pods_pokedex.framework in Frameworks */,
			);
			runOnlyForDeploymentPostprocessing = 0;
		};
		718447121F0567F90046A97A /* Frameworks */ = {
			isa = PBXFrameworksBuildPhase;
			buildActionMask = 2147483647;
			files = (
				4FA30973E3B75CBA96592A07 /* Pods_pokedexTests.framework in Frameworks */,
			);
			runOnlyForDeploymentPostprocessing = 0;
		};
		7184471D1F0567F90046A97A /* Frameworks */ = {
			isa = PBXFrameworksBuildPhase;
			buildActionMask = 2147483647;
			files = (
				E676DE9F8B14493F056AE87C /* Pods_pokedexUITests.framework in Frameworks */,
			);
			runOnlyForDeploymentPostprocessing = 0;
		};
/* End PBXFrameworksBuildPhase section */

/* Begin PBXGroup section */
		422DAA42EC6065AFE03653CF /* Frameworks */ = {
			isa = PBXGroup;
			children = (
				3906D252607E8F2D90871DBD /* Pods_pokedex.framework */,
				EB5FAFC9320BCDBFE278B2DB /* Pods_pokedexTests.framework */,
				66461581A88AF1F63B4EFF9F /* Pods_pokedexUITests.framework */,
			);
			name = Frameworks;
			sourceTree = "<group>";
		};
		541F8A83FE49E2C61F2EC3B6 /* Pods */ = {
			isa = PBXGroup;
			children = (
				BD69D00DD726DD18FA7C6FD4 /* Pods-pokedex.debug.xcconfig */,
				6037E6AD5E7FE6A8F8956076 /* Pods-pokedex.release.xcconfig */,
				9F2646B644376F6C7D5241E6 /* Pods-pokedexTests.debug.xcconfig */,
				DA84FF0349E71E85A7DB6AEF /* Pods-pokedexTests.release.xcconfig */,
				17905EDEDBA37A13CF345B1C /* Pods-pokedexUITests.debug.xcconfig */,
				52C21FEC6DED90264A3AF49D /* Pods-pokedexUITests.release.xcconfig */,
			);
			name = Pods;
			sourceTree = "<group>";
		};
		718446F81F0567F90046A97A = {
			isa = PBXGroup;
			children = (
				718447031F0567F90046A97A /* pokedex */,
				718447181F0567F90046A97A /* pokedexTests */,
				718447231F0567F90046A97A /* pokedexUITests */,
				718447021F0567F90046A97A /* Products */,
				541F8A83FE49E2C61F2EC3B6 /* Pods */,
				422DAA42EC6065AFE03653CF /* Frameworks */,
			);
			sourceTree = "<group>";
		};
		718447021F0567F90046A97A /* Products */ = {
			isa = PBXGroup;
			children = (
				718447011F0567F90046A97A /* pokedex.app */,
				718447151F0567F90046A97A /* pokedexTests.xctest */,
				718447201F0567F90046A97A /* pokedexUITests.xctest */,
			);
			name = Products;
			sourceTree = "<group>";
		};
		718447031F0567F90046A97A /* pokedex */ = {
			isa = PBXGroup;
			children = (
				718447341F056D370046A97A /* Model */,
				718447351F056D400046A97A /* VIew */,
				71B19A331F07BB3200704BFF /* Controller */,
				71B19A341F07BB4400704BFF /* Resources */,
				71B19A351F07BB5A00704BFF /* Util */,
				718447041F0567F90046A97A /* AppDelegate.swift */,
				718447081F0567F90046A97A /* Main.storyboard */,
				7184470B1F0567F90046A97A /* Assets.xcassets */,
				7184470D1F0567F90046A97A /* LaunchScreen.storyboard */,
				718447101F0567F90046A97A /* Info.plist */,
			);
			path = pokedex;
			sourceTree = "<group>";
		};
		718447181F0567F90046A97A /* pokedexTests */ = {
			isa = PBXGroup;
			children = (
				718447191F0567F90046A97A /* pokedexTests.swift */,
				7184471B1F0567F90046A97A /* Info.plist */,
			);
			path = pokedexTests;
			sourceTree = "<group>";
		};
		718447231F0567F90046A97A /* pokedexUITests */ = {
			isa = PBXGroup;
			children = (
				718447241F0567F90046A97A /* pokedexUITests.swift */,
				718447261F0567F90046A97A /* Info.plist */,
			);
			path = pokedexUITests;
			sourceTree = "<group>";
		};
		718447341F056D370046A97A /* Model */ = {
			isa = PBXGroup;
			children = (
				718447361F056D540046A97A /* pokemon.swift */,
			);
			name = Model;
			sourceTree = "<group>";
		};
		718447351F056D400046A97A /* VIew */ = {
			isa = PBXGroup;
			children = (
				71B19A2B1F079FA100704BFF /* pokeCell.swift */,
			);
			name = VIew;
			sourceTree = "<group>";
		};
		71B19A331F07BB3200704BFF /* Controller */ = {
			isa = PBXGroup;
			children = (
				718447061F0567F90046A97A /* PokedexVC.swift */,
				71B19A381F08010B00704BFF /* PokemonDetailVC.swift */,
			);
			name = Controller;
			sourceTree = "<group>";
		};
		71B19A341F07BB4400704BFF /* Resources */ = {
			isa = PBXGroup;
			children = (
				71B19A311F07BAE600704BFF /* pokemon.ttf */,
				718447321F056C860046A97A /* pokemon.csv */,
				71B19A361F07F6E400704BFF /* music.mp3 */,
			);
			name = Resources;
			sourceTree = "<group>";
		};
		71B19A351F07BB5A00704BFF /* Util */ = {
			isa = PBXGroup;
			children = (
				71B19A2F1F07B2DD00704BFF /* csv.swift */,
				71B19A3A1F0842CA00704BFF /* constants.swift */,
			);
			name = Util;
			sourceTree = "<group>";
		};
/* End PBXGroup section */

/* Begin PBXNativeTarget section */
		718447001F0567F90046A97A /* pokedex */ = {
			isa = PBXNativeTarget;
			buildConfigurationList = 718447291F0567F90046A97A /* Build configuration list for PBXNativeTarget "pokedex" */;
			buildPhases = (
				30E8F3615F57D51FBD76E69D /* [CP] Check Pods Manifest.lock */,
				718446FD1F0567F90046A97A /* Sources */,
				718446FE1F0567F90046A97A /* Frameworks */,
				718446FF1F0567F90046A97A /* Resources */,
				1A5BE22BEE7820C1A5CF1656 /* [CP] Embed Pods Frameworks */,
				17851536606A26C393A836A1 /* [CP] Copy Pods Resources */,
			);
			buildRules = (
			);
			dependencies = (
			);
			name = pokedex;
			productName = pokedex;
			productReference = 718447011F0567F90046A97A /* pokedex.app */;
			productType = "com.apple.product-type.application";
		};
		718447141F0567F90046A97A /* pokedexTests */ = {
			isa = PBXNativeTarget;
			buildConfigurationList = 7184472C1F0567F90046A97A /* Build configuration list for PBXNativeTarget "pokedexTests" */;
			buildPhases = (
				2241E88D5AE012217B6ED6A4 /* [CP] Check Pods Manifest.lock */,
				718447111F0567F90046A97A /* Sources */,
				718447121F0567F90046A97A /* Frameworks */,
				718447131F0567F90046A97A /* Resources */,
				F3827A5FF8981D494D8EB124 /* [CP] Embed Pods Frameworks */,
				6BA78635E94F444094ED3BAC /* [CP] Copy Pods Resources */,
			);
			buildRules = (
			);
			dependencies = (
				718447171F0567F90046A97A /* PBXTargetDependency */,
			);
			name = pokedexTests;
			productName = pokedexTests;
			productReference = 718447151F0567F90046A97A /* pokedexTests.xctest */;
			productType = "com.apple.product-type.bundle.unit-test";
		};
		7184471F1F0567F90046A97A /* pokedexUITests */ = {
			isa = PBXNativeTarget;
			buildConfigurationList = 7184472F1F0567F90046A97A /* Build configuration list for PBXNativeTarget "pokedexUITests" */;
			buildPhases = (
				06C16D1119F4AF8063AB0399 /* [CP] Check Pods Manifest.lock */,
				7184471C1F0567F90046A97A /* Sources */,
				7184471D1F0567F90046A97A /* Frameworks */,
				7184471E1F0567F90046A97A /* Resources */,
				D66278EF0ABABC087BEE18FE /* [CP] Embed Pods Frameworks */,
				C9B51A01BBA5BBF181DD1E8C /* [CP] Copy Pods Resources */,
			);
			buildRules = (
			);
			dependencies = (
				718447221F0567F90046A97A /* PBXTargetDependency */,
			);
			name = pokedexUITests;
			productName = pokedexUITests;
			productReference = 718447201F0567F90046A97A /* pokedexUITests.xctest */;
			productType = "com.apple.product-type.bundle.ui-testing";
		};
/* End PBXNativeTarget section */

/* Begin PBXProject section */
		718446F91F0567F90046A97A /* Project object */ = {
			isa = PBXProject;
			attributes = {
				LastSwiftUpdateCheck = 0830;
				LastUpgradeCheck = 0830;
				ORGANIZATIONNAME = SpotPin;
				TargetAttributes = {
					718447001F0567F90046A97A = {
						CreatedOnToolsVersion = 8.3.3;
						DevelopmentTeam = X9SMA4AC5Y;
						LastSwiftMigration = 0830;
						ProvisioningStyle = Automatic;
					};
					718447141F0567F90046A97A = {
						CreatedOnToolsVersion = 8.3.3;
						DevelopmentTeam = X9SMA4AC5Y;
						ProvisioningStyle = Automatic;
						TestTargetID = 718447001F0567F90046A97A;
					};
					7184471F1F0567F90046A97A = {
						CreatedOnToolsVersion = 8.3.3;
						DevelopmentTeam = X9SMA4AC5Y;
						ProvisioningStyle = Automatic;
						TestTargetID = 718447001F0567F90046A97A;
					};
				};
			};
			buildConfigurationList = 718446FC1F0567F90046A97A /* Build configuration list for PBXProject "pokedex" */;
			compatibilityVersion = "Xcode 3.2";
			developmentRegion = English;
			hasScannedForEncodings = 0;
			knownRegions = (
				en,
				Base,
			);
			mainGroup = 718446F81F0567F90046A97A;
			productRefGroup = 718447021F0567F90046A97A /* Products */;
			projectDirPath = "";
			projectRoot = "";
			targets = (
				718447001F0567F90046A97A /* pokedex */,
				718447141F0567F90046A97A /* pokedexTests */,
				7184471F1F0567F90046A97A /* pokedexUITests */,
			);
		};
/* End PBXProject section */

/* Begin PBXResourcesBuildPhase section */
		718446FF1F0567F90046A97A /* Resources */ = {
			isa = PBXResourcesBuildPhase;
			buildActionMask = 2147483647;
			files = (
				71B19A321F07BAE600704BFF /* pokemon.ttf in Resources */,
				7184470F1F0567F90046A97A /* LaunchScreen.storyboard in Resources */,
				71B19A371F07F6E400704BFF /* music.mp3 in Resources */,
				7184470C1F0567F90046A97A /* Assets.xcassets in Resources */,
				718447331F056C860046A97A /* pokemon.csv in Resources */,
				7184470A1F0567F90046A97A /* Main.storyboard in Resources */,
			);
			runOnlyForDeploymentPostprocessing = 0;
		};
		718447131F0567F90046A97A /* Resources */ = {
			isa = PBXResourcesBuildPhase;
			buildActionMask = 2147483647;
			files = (
			);
			runOnlyForDeploymentPostprocessing = 0;
		};
		7184471E1F0567F90046A97A /* Resources */ = {
			isa = PBXResourcesBuildPhase;
			buildActionMask = 2147483647;
			files = (
			);
			runOnlyForDeploymentPostprocessing = 0;
		};
/* End PBXResourcesBuildPhase section */

/* Begin PBXShellScriptBuildPhase section */
		06C16D1119F4AF8063AB0399 /* [CP] Check Pods Manifest.lock */ = {
			isa = PBXShellScriptBuildPhase;
			buildActionMask = 2147483647;
			files = (
			);
			inputPaths = (
			);
			name = "[CP] Check Pods Manifest.lock";
			outputPaths = (
			);
			runOnlyForDeploymentPostprocessing = 0;
			shellPath = /bin/sh;
			shellScript = "diff \"${PODS_ROOT}/../Podfile.lock\" \"${PODS_ROOT}/Manifest.lock\" > /dev/null\nif [ $? != 0 ] ; then\n    # print error to STDERR\n    echo \"error: The sandbox is not in sync with the Podfile.lock. Run 'pod install' or update your CocoaPods installation.\" >&2\n    exit 1\nfi\n";
			showEnvVarsInLog = 0;
		};
		17851536606A26C393A836A1 /* [CP] Copy Pods Resources */ = {
			isa = PBXShellScriptBuildPhase;
			buildActionMask = 2147483647;
			files = (
			);
			inputPaths = (
			);
			name = "[CP] Copy Pods Resources";
			outputPaths = (
			);
			runOnlyForDeploymentPostprocessing = 0;
			shellPath = /bin/sh;
			shellScript = "\"${SRCROOT}/Pods/Target Support Files/Pods-pokedex/Pods-pokedex-resources.sh\"\n";
			showEnvVarsInLog = 0;
		};
		1A5BE22BEE7820C1A5CF1656 /* [CP] Embed Pods Frameworks */ = {
			isa = PBXShellScriptBuildPhase;
			buildActionMask = 2147483647;
			files = (
			);
			inputPaths = (
			);
			name = "[CP] Embed Pods Frameworks";
			outputPaths = (
			);
			runOnlyForDeploymentPostprocessing = 0;
			shellPath = /bin/sh;
			shellScript = "\"${SRCROOT}/Pods/Target Support Files/Pods-pokedex/Pods-pokedex-frameworks.sh\"\n";
			showEnvVarsInLog = 0;
		};
		2241E88D5AE012217B6ED6A4 /* [CP] Check Pods Manifest.lock */ = {
			isa = PBXShellScriptBuildPhase;
			buildActionMask = 2147483647;
			files = (
			);
			inputPaths = (
			);
			name = "[CP] Check Pods Manifest.lock";
			outputPaths = (
			);
			runOnlyForDeploymentPostprocessing = 0;
			shellPath = /bin/sh;
			shellScript = "diff \"${PODS_ROOT}/../Podfile.lock\" \"${PODS_ROOT}/Manifest.lock\" > /dev/null\nif [ $? != 0 ] ; then\n    # print error to STDERR\n    echo \"error: The sandbox is not in sync with the Podfile.lock. Run 'pod install' or update your CocoaPods installation.\" >&2\n    exit 1\nfi\n";
			showEnvVarsInLog = 0;
		};
		30E8F3615F57D51FBD76E69D /* [CP] Check Pods Manifest.lock */ = {
			isa = PBXShellScriptBuildPhase;
			buildActionMask = 2147483647;
			files = (
			);
			inputPaths = (
			);
			name = "[CP] Check Pods Manifest.lock";
			outputPaths = (
			);
			runOnlyForDeploymentPostprocessing = 0;
			shellPath = /bin/sh;
			shellScript = "diff \"${PODS_ROOT}/../Podfile.lock\" \"${PODS_ROOT}/Manifest.lock\" > /dev/null\nif [ $? != 0 ] ; then\n    # print error to STDERR\n    echo \"error: The sandbox is not in sync with the Podfile.lock. Run 'pod install' or update your CocoaPods installation.\" >&2\n    exit 1\nfi\n";
			showEnvVarsInLog = 0;
		};
		6BA78635E94F444094ED3BAC /* [CP] Copy Pods Resources */ = {
			isa = PBXShellScriptBuildPhase;
			buildActionMask = 2147483647;
			files = (
			);
			inputPaths = (
			);
			name = "[CP] Copy Pods Resources";
			outputPaths = (
			);
			runOnlyForDeploymentPostprocessing = 0;
			shellPath = /bin/sh;
			shellScript = "\"${SRCROOT}/Pods/Target Support Files/Pods-pokedexTests/Pods-pokedexTests-resources.sh\"\n";
			showEnvVarsInLog = 0;
		};
		C9B51A01BBA5BBF181DD1E8C /* [CP] Copy Pods Resources */ = {
			isa = PBXShellScriptBuildPhase;
			buildActionMask = 2147483647;
			files = (
			);
			inputPaths = (
			);
			name = "[CP] Copy Pods Resources";
			outputPaths = (
			);
			runOnlyForDeploymentPostprocessing = 0;
			shellPath = /bin/sh;
			shellScript = "\"${SRCROOT}/Pods/Target Support Files/Pods-pokedexUITests/Pods-pokedexUITests-resources.sh\"\n";
			showEnvVarsInLog = 0;
		};
		D66278EF0ABABC087BEE18FE /* [CP] Embed Pods Frameworks */ = {
			isa = PBXShellScriptBuildPhase;
			buildActionMask = 2147483647;
			files = (
			);
			inputPaths = (
			);
			name = "[CP] Embed Pods Frameworks";
			outputPaths = (
			);
			runOnlyForDeploymentPostprocessing = 0;
			shellPath = /bin/sh;
			shellScript = "\"${SRCROOT}/Pods/Target Support Files/Pods-pokedexUITests/Pods-pokedexUITests-frameworks.sh\"\n";
			showEnvVarsInLog = 0;
		};
		F3827A5FF8981D494D8EB124 /* [CP] Embed Pods Frameworks */ = {
			isa = PBXShellScriptBuildPhase;
			buildActionMask = 2147483647;
			files = (
			);
			inputPaths = (
			);
			name = "[CP] Embed Pods Frameworks";
			outputPaths = (
			);
			runOnlyForDeploymentPostprocessing = 0;
			shellPath = /bin/sh;
			shellScript = "\"${SRCROOT}/Pods/Target Support Files/Pods-pokedexTests/Pods-pokedexTests-frameworks.sh\"\n";
			showEnvVarsInLog = 0;
		};
/* End PBXShellScriptBuildPhase section */

/* Begin PBXSourcesBuildPhase section */
		718446FD1F0567F90046A97A /* Sources */ = {
			isa = PBXSourcesBuildPhase;
			buildActionMask = 2147483647;
			files = (
				71B19A2C1F079FA100704BFF /* pokeCell.swift in Sources */,
				718447371F056D540046A97A /* pokemon.swift in Sources */,
				718447071F0567F90046A97A /* PokedexVC.swift in Sources */,
				71B19A3B1F0842CA00704BFF /* constants.swift in Sources */,
				71B19A391F08010B00704BFF /* PokemonDetailVC.swift in Sources */,
				718447051F0567F90046A97A /* AppDelegate.swift in Sources */,
				71B19A301F07B2DD00704BFF /* csv.swift in Sources */,
			);
			runOnlyForDeploymentPostprocessing = 0;
		};
		718447111F0567F90046A97A /* Sources */ = {
			isa = PBXSourcesBuildPhase;
			buildActionMask = 2147483647;
			files = (
				7184471A1F0567F90046A97A /* pokedexTests.swift in Sources */,
			);
			runOnlyForDeploymentPostprocessing = 0;
		};
		7184471C1F0567F90046A97A /* Sources */ = {
			isa = PBXSourcesBuildPhase;
			buildActionMask = 2147483647;
			files = (
				718447251F0567F90046A97A /* pokedexUITests.swift in Sources */,
			);
			runOnlyForDeploymentPostprocessing = 0;
		};
/* End PBXSourcesBuildPhase section */

/* Begin PBXTargetDependency section */
		718447171F0567F90046A97A /* PBXTargetDependency */ = {
			isa = PBXTargetDependency;
			target = 718447001F0567F90046A97A /* pokedex */;
			targetProxy = 718447161F0567F90046A97A /* PBXContainerItemProxy */;
		};
		718447221F0567F90046A97A /* PBXTargetDependency */ = {
			isa = PBXTargetDependency;
			target = 718447001F0567F90046A97A /* pokedex */;
			targetProxy = 718447211F0567F90046A97A /* PBXContainerItemProxy */;
		};
/* End PBXTargetDependency section */

/* Begin PBXVariantGroup section */
		718447081F0567F90046A97A /* Main.storyboard */ = {
			isa = PBXVariantGroup;
			children = (
				718447091F0567F90046A97A /* Base */,
			);
			name = Main.storyboard;
			sourceTree = "<group>";
		};
		7184470D1F0567F90046A97A /* LaunchScreen.storyboard */ = {
			isa = PBXVariantGroup;
			children = (
				7184470E1F0567F90046A97A /* Base */,
			);
			name = LaunchScreen.storyboard;
			sourceTree = "<group>";
		};
/* End PBXVariantGroup section */

/* Begin XCBuildConfiguration section */
		718447271F0567F90046A97A /* Debug */ = {
			isa = XCBuildConfiguration;
			buildSettings = {
				ALWAYS_SEARCH_USER_PATHS = NO;
				CLANG_ANALYZER_NONNULL = YES;
				CLANG_ANALYZER_NUMBER_OBJECT_CONVERSION = YES_AGGRESSIVE;
				CLANG_CXX_LANGUAGE_STANDARD = "gnu++0x";
				CLANG_CXX_LIBRARY = "libc++";
				CLANG_ENABLE_MODULES = YES;
				CLANG_ENABLE_OBJC_ARC = YES;
				CLANG_WARN_BOOL_CONVERSION = YES;
				CLANG_WARN_CONSTANT_CONVERSION = YES;
				CLANG_WARN_DIRECT_OBJC_ISA_USAGE = YES_ERROR;
				CLANG_WARN_DOCUMENTATION_COMMENTS = YES;
				CLANG_WARN_EMPTY_BODY = YES;
				CLANG_WARN_ENUM_CONVERSION = YES;
				CLANG_WARN_INFINITE_RECURSION = YES;
				CLANG_WARN_INT_CONVERSION = YES;
				CLANG_WARN_OBJC_ROOT_CLASS = YES_ERROR;
				CLANG_WARN_SUSPICIOUS_MOVE = YES;
				CLANG_WARN_UNREACHABLE_CODE = YES;
				CLANG_WARN__DUPLICATE_METHOD_MATCH = YES;
				"CODE_SIGN_IDENTITY[sdk=iphoneos*]" = "iPhone Developer";
				COPY_PHASE_STRIP = NO;
				DEBUG_INFORMATION_FORMAT = dwarf;
				ENABLE_STRICT_OBJC_MSGSEND = YES;
				ENABLE_TESTABILITY = YES;
				GCC_C_LANGUAGE_STANDARD = gnu99;
				GCC_DYNAMIC_NO_PIC = NO;
				GCC_NO_COMMON_BLOCKS = YES;
				GCC_OPTIMIZATION_LEVEL = 0;
				GCC_PREPROCESSOR_DEFINITIONS = (
					"DEBUG=1",
					"$(inherited)",
				);
				GCC_WARN_64_TO_32_BIT_CONVERSION = YES;
				GCC_WARN_ABOUT_RETURN_TYPE = YES_ERROR;
				GCC_WARN_UNDECLARED_SELECTOR = YES;
				GCC_WARN_UNINITIALIZED_AUTOS = YES_AGGRESSIVE;
				GCC_WARN_UNUSED_FUNCTION = YES;
				GCC_WARN_UNUSED_VARIABLE = YES;
				IPHONEOS_DEPLOYMENT_TARGET = 10.3;
				MTL_ENABLE_DEBUG_INFO = YES;
				ONLY_ACTIVE_ARCH = YES;
				SDKROOT = iphoneos;
				SWIFT_ACTIVE_COMPILATION_CONDITIONS = DEBUG;
				SWIFT_OPTIMIZATION_LEVEL = "-Onone";
				TARGETED_DEVICE_FAMILY = "1,2";
			};
			name = Debug;
		};
		718447281F0567F90046A97A /* Release */ = {
			isa = XCBuildConfiguration;
			buildSettings = {
				ALWAYS_SEARCH_USER_PATHS = NO;
				CLANG_ANALYZER_NONNULL = YES;
				CLANG_ANALYZER_NUMBER_OBJECT_CONVERSION = YES_AGGRESSIVE;
				CLANG_CXX_LANGUAGE_STANDARD = "gnu++0x";
				CLANG_CXX_LIBRARY = "libc++";
				CLANG_ENABLE_MODULES = YES;
				CLANG_ENABLE_OBJC_ARC = YES;
				CLANG_WARN_BOOL_CONVERSION = YES;
				CLANG_WARN_CONSTANT_CONVERSION = YES;
				CLANG_WARN_DIRECT_OBJC_ISA_USAGE = YES_ERROR;
				CLANG_WARN_DOCUMENTATION_COMMENTS = YES;
				CLANG_WARN_EMPTY_BODY = YES;
				CLANG_WARN_ENUM_CONVERSION = YES;
				CLANG_WARN_INFINITE_RECURSION = YES;
				CLANG_WARN_INT_CONVERSION = YES;
				CLANG_WARN_OBJC_ROOT_CLASS = YES_ERROR;
				CLANG_WARN_SUSPICIOUS_MOVE = YES;
				CLANG_WARN_UNREACHABLE_CODE = YES;
				CLANG_WARN__DUPLICATE_METHOD_MATCH = YES;
				"CODE_SIGN_IDENTITY[sdk=iphoneos*]" = "iPhone Developer";
				COPY_PHASE_STRIP = NO;
				DEBUG_INFORMATION_FORMAT = "dwarf-with-dsym";
				ENABLE_NS_ASSERTIONS = NO;
				ENABLE_STRICT_OBJC_MSGSEND = YES;
				GCC_C_LANGUAGE_STANDARD = gnu99;
				GCC_NO_COMMON_BLOCKS = YES;
				GCC_WARN_64_TO_32_BIT_CONVERSION = YES;
				GCC_WARN_ABOUT_RETURN_TYPE = YES_ERROR;
				GCC_WARN_UNDECLARED_SELECTOR = YES;
				GCC_WARN_UNINITIALIZED_AUTOS = YES_AGGRESSIVE;
				GCC_WARN_UNUSED_FUNCTION = YES;
				GCC_WARN_UNUSED_VARIABLE = YES;
				IPHONEOS_DEPLOYMENT_TARGET = 10.3;
				MTL_ENABLE_DEBUG_INFO = NO;
				SDKROOT = iphoneos;
				SWIFT_OPTIMIZATION_LEVEL = "-Owholemodule";
				TARGETED_DEVICE_FAMILY = "1,2";
				VALIDATE_PRODUCT = YES;
			};
			name = Release;
		};
		7184472A1F0567F90046A97A /* Debug */ = {
			isa = XCBuildConfiguration;
			baseConfigurationReference = BD69D00DD726DD18FA7C6FD4 /* Pods-pokedex.debug.xcconfig */;
			buildSettings = {
				ALWAYS_EMBED_SWIFT_STANDARD_LIBRARIES = YES;
				ASSETCATALOG_COMPILER_APPICON_NAME = AppIcon;
				DEVELOPMENT_TEAM = X9SMA4AC5Y;
				INFOPLIST_FILE = pokedex/Info.plist;
				LD_RUNPATH_SEARCH_PATHS = "$(inherited) @executable_path/Frameworks";
				PRODUCT_BUNDLE_IDENTIFIER = com.SpotPin.pokedex;
				PRODUCT_NAME = "$(TARGET_NAME)";
				SWIFT_VERSION = 3.0;
			};
			name = Debug;
		};
		7184472B1F0567F90046A97A /* Release */ = {
			isa = XCBuildConfiguration;
			baseConfigurationReference = 6037E6AD5E7FE6A8F8956076 /* Pods-pokedex.release.xcconfig */;
			buildSettings = {
				ALWAYS_EMBED_SWIFT_STANDARD_LIBRARIES = YES;
				ASSETCATALOG_COMPILER_APPICON_NAME = AppIcon;
				DEVELOPMENT_TEAM = X9SMA4AC5Y;
				INFOPLIST_FILE = pokedex/Info.plist;
				LD_RUNPATH_SEARCH_PATHS = "$(inherited) @executable_path/Frameworks";
				PRODUCT_BUNDLE_IDENTIFIER = com.SpotPin.pokedex;
				PRODUCT_NAME = "$(TARGET_NAME)";
				SWIFT_VERSION = 3.0;
			};
			name = Release;
		};
		7184472D1F0567F90046A97A /* Debug */ = {
			isa = XCBuildConfiguration;
			baseConfigurationReference = 9F2646B644376F6C7D5241E6 /* Pods-pokedexTests.debug.xcconfig */;
			buildSettings = {
				ALWAYS_EMBED_SWIFT_STANDARD_LIBRARIES = YES;
				BUNDLE_LOADER = "$(TEST_HOST)";
				DEVELOPMENT_TEAM = X9SMA4AC5Y;
				INFOPLIST_FILE = pokedexTests/Info.plist;
				LD_RUNPATH_SEARCH_PATHS = "$(inherited) @executable_path/Frameworks @loader_path/Frameworks";
				PRODUCT_BUNDLE_IDENTIFIER = com.SpotPin.pokedexTests;
				PRODUCT_NAME = "$(TARGET_NAME)";
				SWIFT_VERSION = 3.0;
				TEST_HOST = "$(BUILT_PRODUCTS_DIR)/pokedex.app/pokedex";
			};
			name = Debug;
		};
		7184472E1F0567F90046A97A /* Release */ = {
			isa = XCBuildConfiguration;
			baseConfigurationReference = DA84FF0349E71E85A7DB6AEF /* Pods-pokedexTests.release.xcconfig */;
			buildSettings = {
				ALWAYS_EMBED_SWIFT_STANDARD_LIBRARIES = YES;
				BUNDLE_LOADER = "$(TEST_HOST)";
				DEVELOPMENT_TEAM = X9SMA4AC5Y;
				INFOPLIST_FILE = pokedexTests/Info.plist;
				LD_RUNPATH_SEARCH_PATHS = "$(inherited) @executable_path/Frameworks @loader_path/Frameworks";
				PRODUCT_BUNDLE_IDENTIFIER = com.SpotPin.pokedexTests;
				PRODUCT_NAME = "$(TARGET_NAME)";
				SWIFT_VERSION = 3.0;
				TEST_HOST = "$(BUILT_PRODUCTS_DIR)/pokedex.app/pokedex";
			};
			name = Release;
		};
		718447301F0567F90046A97A /* Debug */ = {
			isa = XCBuildConfiguration;
			baseConfigurationReference = 17905EDEDBA37A13CF345B1C /* Pods-pokedexUITests.debug.xcconfig */;
			buildSettings = {
				ALWAYS_EMBED_SWIFT_STANDARD_LIBRARIES = YES;
				DEVELOPMENT_TEAM = X9SMA4AC5Y;
				INFOPLIST_FILE = pokedexUITests/Info.plist;
				LD_RUNPATH_SEARCH_PATHS = "$(inherited) @executable_path/Frameworks @loader_path/Frameworks";
				PRODUCT_BUNDLE_IDENTIFIER = com.SpotPin.pokedexUITests;
				PRODUCT_NAME = "$(TARGET_NAME)";
				SWIFT_VERSION = 3.0;
				TEST_TARGET_NAME = pokedex;
			};
			name = Debug;
		};
		718447311F0567F90046A97A /* Release */ = {
			isa = XCBuildConfiguration;
			baseConfigurationReference = 52C21FEC6DED90264A3AF49D /* Pods-pokedexUITests.release.xcconfig */;
			buildSettings = {
				ALWAYS_EMBED_SWIFT_STANDARD_LIBRARIES = YES;
				DEVELOPMENT_TEAM = X9SMA4AC5Y;
				INFOPLIST_FILE = pokedexUITests/Info.plist;
				LD_RUNPATH_SEARCH_PATHS = "$(inherited) @executable_path/Frameworks @loader_path/Frameworks";
				PRODUCT_BUNDLE_IDENTIFIER = com.SpotPin.pokedexUITests;
				PRODUCT_NAME = "$(TARGET_NAME)";
				SWIFT_VERSION = 3.0;
				TEST_TARGET_NAME = pokedex;
			};
			name = Release;
		};
/* End XCBuildConfiguration section */

/* Begin XCConfigurationList section */
		718446FC1F0567F90046A97A /* Build configuration list for PBXProject "pokedex" */ = {
			isa = XCConfigurationList;
			buildConfigurations = (
				718447271F0567F90046A97A /* Debug */,
				718447281F0567F90046A97A /* Release */,
			);
			defaultConfigurationIsVisible = 0;
			defaultConfigurationName = Release;
		};
		718447291F0567F90046A97A /* Build configuration list for PBXNativeTarget "pokedex" */ = {
			isa = XCConfigurationList;
			buildConfigurations = (
				7184472A1F0567F90046A97A /* Debug */,
				7184472B1F0567F90046A97A /* Release */,
			);
			defaultConfigurationIsVisible = 0;
			defaultConfigurationName = Release;
		};
		7184472C1F0567F90046A97A /* Build configuration list for PBXNativeTarget "pokedexTests" */ = {
			isa = XCConfigurationList;
			buildConfigurations = (
				7184472D1F0567F90046A97A /* Debug */,
				7184472E1F0567F90046A97A /* Release */,
			);
			defaultConfigurationIsVisible = 0;
			defaultConfigurationName = Release;
		};
		7184472F1F0567F90046A97A /* Build configuration list for PBXNativeTarget "pokedexUITests" */ = {
			isa = XCConfigurationList;
			buildConfigurations = (
				718447301F0567F90046A97A /* Debug */,
				718447311F0567F90046A97A /* Release */,
			);
			defaultConfigurationIsVisible = 0;
			defaultConfigurationName = Release;
		};
/* End XCConfigurationList section */
	};
	rootObject = 718446F91F0567F90046A97A /* Project object */;
}
